
Microsoft Visual Studio Solution File, Format Version 12.00
# Visual Studio 14
VisualStudioVersion = 14.0.23107.0
MinimumVisualStudioVersion = 10.0.40219.1
Project("{8BC9CEB8-8B4A-11D0-8D11-00A0C91BC942}") = "OdinEngine", "OdinEngine\OdinEngine.vcxproj", "{CF638361-64E3-43CC-9000-2353E2DBC430}"
EndProject
Project("{8BC9CEB8-8B4A-11D0-8D11-00A0C91BC942}") = "Game", "Game\Game.vcxproj", "{7E331267-FB20-4B60-9C92-856652E39BE0}"
	ProjectSection(ProjectDependencies) = postProject
		{CF638361-64E3-43CC-9000-2353E2DBC430} = {CF638361-64E3-43CC-9000-2353E2DBC430}
	EndProjectSection
EndProject
Project("{2150E333-8FDC-42A3-9474-1A3956D46DE8}") = "Solution Items", "Solution Items", "{69C0FC4B-F76C-4FEC-AC9B-867DC8FB9B85}"
EndProject
Global
	GlobalSection(SolutionConfigurationPlatforms) = preSolution
		Debug|x64 = Debug|x64
		Debug|x86 = Debug|x86
		Release|x64 = Release|x64
		Release|x86 = Release|x86
	EndGlobalSection
	GlobalSection(ProjectConfigurationPlatforms) = postSolution
		{CF638361-64E3-43CC-9000-2353E2DBC430}.Debug|x64.ActiveCfg = Debug|x64
		{CF638361-64E3-43CC-9000-2353E2DBC430}.Debug|x64.Build.0 = Debug|x64
		{CF638361-64E3-43CC-9000-2353E2DBC430}.Debug|x86.ActiveCfg = Debug|Win32
		{CF638361-64E3-43CC-9000-2353E2DBC430}.Debug|x86.Build.0 = Debug|Win32
		{CF638361-64E3-43CC-9000-2353E2DBC430}.Release|x64.ActiveCfg = Release|x64
		{CF638361-64E3-43CC-9000-2353E2DBC430}.Release|x64.Build.0 = Release|x64
		{CF638361-64E3-43CC-9000-2353E2DBC430}.Release|x86.ActiveCfg = Release|Win32
		{CF638361-64E3-43CC-9000-2353E2DBC430}.Release|x86.Build.0 = Release|Win32
		{7E331267-FB20-4B60-9C92-856652E39BE0}.Debug|x64.ActiveCfg = Debug|x64
		{7E331267-FB20-4B60-9C92-856652E39BE0}.Debug|x64.Build.0 = Debug|x64
		{7E331267-FB20-4B60-9C92-856652E39BE0}.Debug|x86.ActiveCfg = Debug|Win32
		{7E331267-FB20-4B60-9C92-856652E39BE0}.Debug|x86.Build.0 = Debug|Win32
		{7E331267-FB20-4B60-9C92-856652E39BE0}.Release|x64.ActiveCfg = Release|x64
		{7E331267-FB20-4B60-9C92-856652E39BE0}.Release|x64.Build.0 = Release|x64
		{7E331267-FB20-4B60-9C92-856652E39BE0}.Release|x86.ActiveCfg = Release|Win32
		{7E331267-FB20-4B60-9C92-856652E39BE0}.Release|x86.Build.0 = Release|Win32
	EndGlobalSection
	GlobalSection(SolutionProperties) = preSolution
		HideSolutionNode = FALSE
	EndGlobalSection
EndGlobal
