<?xml version="1.0" encoding="utf-8"?>
<Project ToolsVersion="4.0" xmlns="http://schemas.microsoft.com/developer/msbuild/2003">
  <ItemGroup>
    <Filter Include="Source Files">
      <UniqueIdentifier>{4FC737F1-C7A5-4376-A066-2A32D752A2FF}</UniqueIdentifier>
      <Extensions>cpp;c;cc;cxx;def;odl;idl;hpj;bat;asm;asmx</Extensions>
    </Filter>
    <Filter Include="Header Files">
      <UniqueIdentifier>{93995380-89BD-4b04-88EB-625FBE52EBFB}</UniqueIdentifier>
      <Extensions>h;hh;hpp;hxx;hm;inl;inc;xsd</Extensions>
    </Filter>
    <Filter Include="Resource Files">
      <UniqueIdentifier>{67DA6AB6-F800-4c08-8B7A-83BB121AAD01}</UniqueIdentifier>
      <Extensions>rc;ico;cur;bmp;dlg;rc2;rct;bin;rgs;gif;jpg;jpeg;jpe;resx;tiff;tif;png;wav;mfcribbon-ms</Extensions>
    </Filter>
    <Filter Include="Header Files\Box2D">
      <UniqueIdentifier>{5efd2897-6a2c-4a51-8fc6-f0de61196b9f}</UniqueIdentifier>
    </Filter>
    <Filter Include="Source Files\Box2D">
      <UniqueIdentifier>{83da42d1-b655-41a7-bf32-1f3db77f79fc}</UniqueIdentifier>
    </Filter>
  </ItemGroup>
  <ItemGroup>
    <ClCompile Include="includes\Box2D\Collision\Shapes\b2ChainShape.cpp">
      <Filter>Source Files</Filter>
    </ClCompile>
    <ClCompile Include="AudioEngine.cpp">
      <Filter>Source Files</Filter>
    </ClCompile>
    <ClCompile Include="includes\Box2D\Common\b2BlockAllocator.cpp">
      <Filter>Source Files\Box2D</Filter>
    </ClCompile>
    <ClCompile Include="includes\Box2D\Dynamics\b2Body.cpp">
      <Filter>Source Files\Box2D</Filter>
    </ClCompile>
    <ClCompile Include="includes\Box2D\Collision\b2BroadPhase.cpp">
      <Filter>Source Files\Box2D</Filter>
    </ClCompile>
    <ClCompile Include="includes\Box2D\Dynamics\Contacts\b2ChainAndCircleContact.cpp">
      <Filter>Source Files\Box2D</Filter>
    </ClCompile>
    <ClCompile Include="includes\Box2D\Dynamics\Contacts\b2ChainAndPolygonContact.cpp">
      <Filter>Source Files\Box2D</Filter>
    </ClCompile>
    <ClCompile Include="includes\Box2D\Collision\Shapes\b2ChainShape.cpp">
      <Filter>Source Files\Box2D</Filter>
    </ClCompile>
    <ClCompile Include="includes\Box2D\Dynamics\Contacts\b2CircleContact.cpp">
      <Filter>Source Files\Box2D</Filter>
    </ClCompile>
    <ClCompile Include="includes\Box2D\Collision\Shapes\b2CircleShape.cpp">
      <Filter>Source Files\Box2D</Filter>
    </ClCompile>
    <ClCompile Include="includes\Box2D\Collision\b2CollideCircle.cpp">
      <Filter>Source Files\Box2D</Filter>
    </ClCompile>
    <ClCompile Include="includes\Box2D\Collision\b2CollideEdge.cpp">
      <Filter>Source Files\Box2D</Filter>
    </ClCompile>
    <ClCompile Include="includes\Box2D\Collision\b2CollidePolygon.cpp">
      <Filter>Source Files\Box2D</Filter>
    </ClCompile>
    <ClCompile Include="includes\Box2D\Collision\b2Collision.cpp">
      <Filter>Source Files\Box2D</Filter>
    </ClCompile>
    <ClCompile Include="includes\Box2D\Dynamics\Contacts\b2Contact.cpp">
      <Filter>Source Files\Box2D</Filter>
    </ClCompile>
    <ClCompile Include="includes\Box2D\Dynamics\b2ContactManager.cpp">
      <Filter>Source Files\Box2D</Filter>
    </ClCompile>
    <ClCompile Include="includes\Box2D\Dynamics\Contacts\b2ContactSolver.cpp">
      <Filter>Source Files\Box2D</Filter>
    </ClCompile>
    <ClCompile Include="includes\Box2D\Collision\b2Distance.cpp">
      <Filter>Source Files\Box2D</Filter>
    </ClCompile>
    <ClCompile Include="includes\Box2D\Dynamics\Joints\b2DistanceJoint.cpp">
      <Filter>Source Files\Box2D</Filter>
    </ClCompile>
    <ClCompile Include="includes\Box2D\Common\b2Draw.cpp">
      <Filter>Source Files\Box2D</Filter>
    </ClCompile>
    <ClCompile Include="includes\Box2D\Collision\b2DynamicTree.cpp">
      <Filter>Source Files\Box2D</Filter>
    </ClCompile>
    <ClCompile Include="includes\Box2D\Dynamics\Contacts\b2EdgeAndCircleContact.cpp">
      <Filter>Source Files\Box2D</Filter>
    </ClCompile>
    <ClCompile Include="includes\Box2D\Dynamics\Contacts\b2EdgeAndPolygonContact.cpp">
      <Filter>Source Files\Box2D</Filter>
    </ClCompile>
    <ClCompile Include="includes\Box2D\Collision\Shapes\b2EdgeShape.cpp">
      <Filter>Source Files\Box2D</Filter>
    </ClCompile>
    <ClCompile Include="includes\Box2D\Dynamics\b2Fixture.cpp">
      <Filter>Source Files\Box2D</Filter>
    </ClCompile>
    <ClCompile Include="includes\Box2D\Dynamics\Joints\b2FrictionJoint.cpp">
      <Filter>Source Files\Box2D</Filter>
    </ClCompile>
    <ClCompile Include="includes\Box2D\Dynamics\Joints\b2GearJoint.cpp">
      <Filter>Source Files\Box2D</Filter>
    </ClCompile>
    <ClCompile Include="includes\Box2D\Dynamics\b2Island.cpp">
      <Filter>Source Files\Box2D</Filter>
    </ClCompile>
    <ClCompile Include="includes\Box2D\Dynamics\Joints\b2Joint.cpp">
      <Filter>Source Files\Box2D</Filter>
    </ClCompile>
    <ClCompile Include="includes\Box2D\Common\b2Math.cpp">
      <Filter>Source Files\Box2D</Filter>
    </ClCompile>
    <ClCompile Include="includes\Box2D\Dynamics\Joints\b2MotorJoint.cpp">
      <Filter>Source Files\Box2D</Filter>
    </ClCompile>
    <ClCompile Include="includes\Box2D\Dynamics\Joints\b2MouseJoint.cpp">
      <Filter>Source Files\Box2D</Filter>
    </ClCompile>
    <ClCompile Include="includes\Box2D\Dynamics\Contacts\b2PolygonAndCircleContact.cpp">
      <Filter>Source Files\Box2D</Filter>
    </ClCompile>
    <ClCompile Include="includes\Box2D\Dynamics\Contacts\b2PolygonContact.cpp">
      <Filter>Source Files\Box2D</Filter>
    </ClCompile>
    <ClCompile Include="includes\Box2D\Collision\Shapes\b2PolygonShape.cpp">
      <Filter>Source Files\Box2D</Filter>
    </ClCompile>
    <ClCompile Include="includes\Box2D\Dynamics\Joints\b2PrismaticJoint.cpp">
      <Filter>Source Files\Box2D</Filter>
    </ClCompile>
    <ClCompile Include="includes\Box2D\Dynamics\Joints\b2PulleyJoint.cpp">
      <Filter>Source Files\Box2D</Filter>
    </ClCompile>
    <ClCompile Include="includes\Box2D\Dynamics\Joints\b2RevoluteJoint.cpp">
      <Filter>Source Files\Box2D</Filter>
    </ClCompile>
    <ClCompile Include="includes\Box2D\Rope\b2Rope.cpp">
      <Filter>Source Files\Box2D</Filter>
    </ClCompile>
    <ClCompile Include="includes\Box2D\Dynamics\Joints\b2RopeJoint.cpp">
      <Filter>Source Files\Box2D</Filter>
    </ClCompile>
    <ClCompile Include="includes\Box2D\Common\b2Settings.cpp">
      <Filter>Source Files\Box2D</Filter>
    </ClCompile>
    <ClCompile Include="includes\Box2D\Common\b2StackAllocator.cpp">
      <Filter>Source Files\Box2D</Filter>
    </ClCompile>
    <ClCompile Include="includes\Box2D\Common\b2Threading.cpp">
      <Filter>Source Files\Box2D</Filter>
    </ClCompile>
    <ClCompile Include="includes\Box2D\Collision\b2TimeOfImpact.cpp">
      <Filter>Source Files\Box2D</Filter>
    </ClCompile>
    <ClCompile Include="includes\Box2D\Common\b2Timer.cpp">
      <Filter>Source Files\Box2D</Filter>
    </ClCompile>
    <ClCompile Include="includes\Box2D\Dynamics\Joints\b2WeldJoint.cpp">
      <Filter>Source Files\Box2D</Filter>
    </ClCompile>
    <ClCompile Include="includes\Box2D\Dynamics\Joints\b2WheelJoint.cpp">
      <Filter>Source Files\Box2D</Filter>
    </ClCompile>
    <ClCompile Include="includes\Box2D\Dynamics\b2World.cpp">
      <Filter>Source Files\Box2D</Filter>
    </ClCompile>
    <ClCompile Include="includes\Box2D\Dynamics\b2WorldCallbacks.cpp">
      <Filter>Source Files\Box2D</Filter>
    </ClCompile>
    <ClCompile Include="includes\Box2D\Rope\b2Rope.cpp">
      <Filter>Source Files</Filter>
    </ClCompile>
    <ClCompile Include="includes\glm\detail\dummy.cpp">
      <Filter>Source Files</Filter>
    </ClCompile>
    <ClCompile Include="includes\glm\detail\glm.cpp">
      <Filter>Source Files</Filter>
    </ClCompile>
    <ClCompile Include="includes\lodepng.cpp">
      <Filter>Source Files</Filter>
    </ClCompile>
    <ClCompile Include="includes\Box2D\Common\b2Threading.cpp">
      <Filter>Source Files</Filter>
    </ClCompile>
    <ClCompile Include="includes\Odin\EntityId.cpp">
      <Filter>Source Files</Filter>
    </ClCompile>
  </ItemGroup>
  <ItemGroup>
    <ClInclude Include="Errors.h">
      <Filter>Header Files</Filter>
    </ClInclude>
    <ClInclude Include="GLSLProgram.h">
      <Filter>Header Files</Filter>
    </ClInclude>
    <ClInclude Include="GLTexture.h">
      <Filter>Header Files</Filter>
    </ClInclude>
    <ClInclude Include="ImageLoader.h">
      <Filter>Header Files</Filter>
    </ClInclude>
    <ClInclude Include="picoPNG.h">
      <Filter>Header Files</Filter>
    </ClInclude>
    <ClInclude Include="ResourceManager.h">
      <Filter>Header Files</Filter>
    </ClInclude>
    <ClInclude Include="Sprite.h">
      <Filter>Header Files</Filter>
    </ClInclude>
    <ClInclude Include="TextureCache.h">
      <Filter>Header Files</Filter>
    </ClInclude>
    <ClInclude Include="Vertex.h">
      <Filter>Header Files</Filter>
    </ClInclude>
    <ClInclude Include="IOManager.h">
      <Filter>Header Files</Filter>
    </ClInclude>
    <ClInclude Include="Window.h">
      <Filter>Header Files</Filter>
    </ClInclude>
    <ClInclude Include="OdinEngine.h">
      <Filter>Header Files</Filter>
    </ClInclude>
    <ClInclude Include="Camera.h">
      <Filter>Header Files</Filter>
    </ClInclude>
    <ClInclude Include="SpriteBatch.h">
      <Filter>Header Files</Filter>
    </ClInclude>
    <ClInclude Include="InputManager.h">
      <Filter>Header Files</Filter>
    </ClInclude>
    <ClInclude Include="Timing.h">
      <Filter>Header Files</Filter>
    </ClInclude>
    <ClInclude Include="includes\lodepng.h">
      <Filter>Header Files</Filter>
    </ClInclude>
    <ClInclude Include="AudioEngine.h">
      <Filter>Header Files</Filter>
    </ClInclude>
    <ClInclude Include="includes\Box2D\Common\b2BlockAllocator.h">
      <Filter>Header Files\Box2D</Filter>
    </ClInclude>
    <ClInclude Include="includes\Box2D\Dynamics\b2Body.h">
      <Filter>Header Files\Box2D</Filter>
    </ClInclude>
    <ClInclude Include="includes\Box2D\Collision\b2BroadPhase.h">
      <Filter>Header Files\Box2D</Filter>
    </ClInclude>
    <ClInclude Include="includes\Box2D\Dynamics\Contacts\b2ChainAndCircleContact.h">
      <Filter>Header Files\Box2D</Filter>
    </ClInclude>
    <ClInclude Include="includes\Box2D\Dynamics\Contacts\b2ChainAndPolygonContact.h">
      <Filter>Header Files\Box2D</Filter>
    </ClInclude>
    <ClInclude Include="includes\Box2D\Collision\Shapes\b2ChainShape.h">
      <Filter>Header Files\Box2D</Filter>
    </ClInclude>
    <ClInclude Include="includes\Box2D\Dynamics\Contacts\b2CircleContact.h">
      <Filter>Header Files\Box2D</Filter>
    </ClInclude>
    <ClInclude Include="includes\Box2D\Collision\Shapes\b2CircleShape.h">
      <Filter>Header Files\Box2D</Filter>
    </ClInclude>
    <ClInclude Include="includes\Box2D\Collision\b2Collision.h">
      <Filter>Header Files\Box2D</Filter>
    </ClInclude>
    <ClInclude Include="includes\Box2D\Dynamics\Contacts\b2Contact.h">
      <Filter>Header Files\Box2D</Filter>
    </ClInclude>
    <ClInclude Include="includes\Box2D\Dynamics\b2ContactManager.h">
      <Filter>Header Files\Box2D</Filter>
    </ClInclude>
    <ClInclude Include="includes\Box2D\Dynamics\Contacts\b2ContactSolver.h">
      <Filter>Header Files\Box2D</Filter>
    </ClInclude>
    <ClInclude Include="includes\Box2D\Collision\b2Distance.h">
      <Filter>Header Files\Box2D</Filter>
    </ClInclude>
    <ClInclude Include="includes\Box2D\Dynamics\Joints\b2DistanceJoint.h">
      <Filter>Header Files\Box2D</Filter>
    </ClInclude>
    <ClInclude Include="includes\Box2D\Common\b2Draw.h">
      <Filter>Header Files\Box2D</Filter>
    </ClInclude>
    <ClInclude Include="includes\Box2D\Collision\b2DynamicTree.h">
      <Filter>Header Files\Box2D</Filter>
    </ClInclude>
    <ClInclude Include="includes\Box2D\Dynamics\Contacts\b2EdgeAndCircleContact.h">
      <Filter>Header Files\Box2D</Filter>
    </ClInclude>
    <ClInclude Include="includes\Box2D\Dynamics\Contacts\b2EdgeAndPolygonContact.h">
      <Filter>Header Files\Box2D</Filter>
    </ClInclude>
    <ClInclude Include="includes\Box2D\Collision\Shapes\b2EdgeShape.h">
      <Filter>Header Files\Box2D</Filter>
    </ClInclude>
    <ClInclude Include="includes\Box2D\Dynamics\b2Fixture.h">
      <Filter>Header Files\Box2D</Filter>
    </ClInclude>
    <ClInclude Include="includes\Box2D\Dynamics\Joints\b2FrictionJoint.h">
      <Filter>Header Files\Box2D</Filter>
    </ClInclude>
    <ClInclude Include="includes\Box2D\Dynamics\Joints\b2GearJoint.h">
      <Filter>Header Files\Box2D</Filter>
    </ClInclude>
    <ClInclude Include="includes\Box2D\Common\b2GrowableArray.h">
      <Filter>Header Files\Box2D</Filter>
    </ClInclude>
    <ClInclude Include="includes\Box2D\Common\b2GrowableStack.h">
      <Filter>Header Files\Box2D</Filter>
    </ClInclude>
    <ClInclude Include="includes\Box2D\Dynamics\b2Island.h">
      <Filter>Header Files\Box2D</Filter>
    </ClInclude>
    <ClInclude Include="includes\Box2D\Dynamics\Joints\b2Joint.h">
      <Filter>Header Files\Box2D</Filter>
    </ClInclude>
    <ClInclude Include="includes\Box2D\Common\b2Math.h">
      <Filter>Header Files\Box2D</Filter>
    </ClInclude>
    <ClInclude Include="includes\Box2D\Dynamics\Joints\b2MotorJoint.h">
      <Filter>Header Files\Box2D</Filter>
    </ClInclude>
    <ClInclude Include="includes\Box2D\Dynamics\Joints\b2MouseJoint.h">
      <Filter>Header Files\Box2D</Filter>
    </ClInclude>
    <ClInclude Include="includes\Box2D\Dynamics\Contacts\b2PolygonAndCircleContact.h">
      <Filter>Header Files\Box2D</Filter>
    </ClInclude>
    <ClInclude Include="includes\Box2D\Dynamics\Contacts\b2PolygonContact.h">
      <Filter>Header Files\Box2D</Filter>
    </ClInclude>
    <ClInclude Include="includes\Box2D\Collision\Shapes\b2PolygonShape.h">
      <Filter>Header Files\Box2D</Filter>
    </ClInclude>
    <ClInclude Include="includes\Box2D\Dynamics\Joints\b2PrismaticJoint.h">
      <Filter>Header Files\Box2D</Filter>
    </ClInclude>
    <ClInclude Include="includes\Box2D\Dynamics\Joints\b2PulleyJoint.h">
      <Filter>Header Files\Box2D</Filter>
    </ClInclude>
    <ClInclude Include="includes\Box2D\Dynamics\Joints\b2RevoluteJoint.h">
      <Filter>Header Files\Box2D</Filter>
    </ClInclude>
    <ClInclude Include="includes\Box2D\Rope\b2Rope.h">
      <Filter>Header Files\Box2D</Filter>
    </ClInclude>
    <ClInclude Include="includes\Box2D\Dynamics\Joints\b2RopeJoint.h">
      <Filter>Header Files\Box2D</Filter>
    </ClInclude>
    <ClInclude Include="includes\Box2D\Common\b2Settings.h">
      <Filter>Header Files\Box2D</Filter>
    </ClInclude>
    <ClInclude Include="includes\Box2D\Collision\Shapes\b2Shape.h">
      <Filter>Header Files\Box2D</Filter>
    </ClInclude>
    <ClInclude Include="includes\Box2D\Common\b2StackAllocator.h">
      <Filter>Header Files\Box2D</Filter>
    </ClInclude>
    <ClInclude Include="includes\Box2D\Common\b2Threading.h">
      <Filter>Header Files\Box2D</Filter>
    </ClInclude>
    <ClInclude Include="includes\Box2D\Collision\b2TimeOfImpact.h">
      <Filter>Header Files\Box2D</Filter>
    </ClInclude>
    <ClInclude Include="includes\Box2D\Common\b2Timer.h">
      <Filter>Header Files\Box2D</Filter>
    </ClInclude>
    <ClInclude Include="includes\Box2D\Dynamics\b2TimeStep.h">
      <Filter>Header Files\Box2D</Filter>
    </ClInclude>
    <ClInclude Include="includes\Box2D\Dynamics\Joints\b2WeldJoint.h">
      <Filter>Header Files\Box2D</Filter>
    </ClInclude>
    <ClInclude Include="includes\Box2D\Dynamics\Joints\b2WheelJoint.h">
      <Filter>Header Files\Box2D</Filter>
    </ClInclude>
    <ClInclude Include="includes\Box2D\Dynamics\b2World.h">
      <Filter>Header Files\Box2D</Filter>
    </ClInclude>
    <ClInclude Include="includes\Box2D\Dynamics\b2WorldCallbacks.h">
      <Filter>Header Files\Box2D</Filter>
    </ClInclude>
    <ClInclude Include="includes\Box2D\Box2D.h">
      <Filter>Header Files\Box2D</Filter>
    </ClInclude>
    <ClInclude Include="includes\glm\gtx\range.hpp">
      <Filter>Header Files</Filter>
    </ClInclude>
    <ClInclude Include="includes\glm\gtx\raw_data.hpp">
      <Filter>Header Files</Filter>
    </ClInclude>
    <ClInclude Include="includes\glm\gtx\rotate_normalized_axis.hpp">
      <Filter>Header Files</Filter>
    </ClInclude>
    <ClInclude Include="includes\glm\gtx\rotate_vector.hpp">
      <Filter>Header Files</Filter>
    </ClInclude>
    <ClInclude Include="includes\glm\gtx\scalar_multiplication.hpp">
      <Filter>Header Files</Filter>
    </ClInclude>
    <ClInclude Include="includes\glm\gtx\scalar_relational.hpp">
      <Filter>Header Files</Filter>
    </ClInclude>
    <ClInclude Include="includes\glm\gtx\simd_mat4.hpp">
      <Filter>Header Files</Filter>
    </ClInclude>
    <ClInclude Include="includes\glm\gtx\simd_quat.hpp">
      <Filter>Header Files</Filter>
    </ClInclude>
    <ClInclude Include="includes\glm\gtx\simd_vec4.hpp">
      <Filter>Header Files</Filter>
    </ClInclude>
    <ClInclude Include="includes\glm\gtx\spline.hpp">
      <Filter>Header Files</Filter>
    </ClInclude>
    <ClInclude Include="includes\glm\gtx\std_based_type.hpp">
      <Filter>Header Files</Filter>
    </ClInclude>
    <ClInclude Include="includes\glm\gtx\string_cast.hpp">
      <Filter>Header Files</Filter>
    </ClInclude>
    <ClInclude Include="includes\glm\gtx\transform.hpp">
      <Filter>Header Files</Filter>
    </ClInclude>
    <ClInclude Include="includes\glm\gtx\transform2.hpp">
      <Filter>Header Files</Filter>
    </ClInclude>
    <ClInclude Include="includes\glm\gtx\type_aligned.hpp">
      <Filter>Header Files</Filter>
    </ClInclude>
    <ClInclude Include="includes\glm\gtx\vector_angle.hpp">
      <Filter>Header Files</Filter>
    </ClInclude>
    <ClInclude Include="includes\glm\gtx\vector_query.hpp">
      <Filter>Header Files</Filter>
    </ClInclude>
    <ClInclude Include="includes\glm\gtx\wrap.hpp">
      <Filter>Header Files</Filter>
    </ClInclude>
    <ClInclude Include="includes\glm\common.hpp">
      <Filter>Header Files</Filter>
    </ClInclude>
    <ClInclude Include="includes\glm\exponential.hpp">
      <Filter>Header Files</Filter>
    </ClInclude>
    <ClInclude Include="includes\glm\ext.hpp">
      <Filter>Header Files</Filter>
    </ClInclude>
    <ClInclude Include="includes\glm\fwd.hpp">
      <Filter>Header Files</Filter>
    </ClInclude>
    <ClInclude Include="includes\glm\geometric.hpp">
      <Filter>Header Files</Filter>
    </ClInclude>
    <ClInclude Include="includes\glm\glm.hpp">
      <Filter>Header Files</Filter>
    </ClInclude>
    <ClInclude Include="includes\glm\integer.hpp">
      <Filter>Header Files</Filter>
    </ClInclude>
    <ClInclude Include="includes\glm\mat2x2.hpp">
      <Filter>Header Files</Filter>
    </ClInclude>
    <ClInclude Include="includes\glm\mat2x3.hpp">
      <Filter>Header Files</Filter>
    </ClInclude>
    <ClInclude Include="includes\glm\mat2x4.hpp">
      <Filter>Header Files</Filter>
    </ClInclude>
    <ClInclude Include="includes\glm\mat3x2.hpp">
      <Filter>Header Files</Filter>
    </ClInclude>
    <ClInclude Include="includes\glm\mat3x3.hpp">
      <Filter>Header Files</Filter>
    </ClInclude>
    <ClInclude Include="includes\glm\mat3x4.hpp">
      <Filter>Header Files</Filter>
    </ClInclude>
    <ClInclude Include="includes\glm\mat4x2.hpp">
      <Filter>Header Files</Filter>
    </ClInclude>
    <ClInclude Include="includes\glm\mat4x3.hpp">
      <Filter>Header Files</Filter>
    </ClInclude>
    <ClInclude Include="includes\glm\mat4x4.hpp">
      <Filter>Header Files</Filter>
    </ClInclude>
    <ClInclude Include="includes\glm\matrix.hpp">
      <Filter>Header Files</Filter>
    </ClInclude>
    <ClInclude Include="includes\glm\packing.hpp">
      <Filter>Header Files</Filter>
    </ClInclude>
    <ClInclude Include="includes\glm\trigonometric.hpp">
      <Filter>Header Files</Filter>
    </ClInclude>
    <ClInclude Include="includes\glm\vec2.hpp">
      <Filter>Header Files</Filter>
    </ClInclude>
    <ClInclude Include="includes\glm\vec3.hpp">
      <Filter>Header Files</Filter>
    </ClInclude>
    <ClInclude Include="includes\glm\vec4.hpp">
      <Filter>Header Files</Filter>
    </ClInclude>
    <ClInclude Include="includes\glm\vector_relational.hpp">
      <Filter>Header Files</Filter>
    </ClInclude>
    <ClInclude Include="includes\SDL\begin_code.h">
      <Filter>Header Files</Filter>
    </ClInclude>
    <ClInclude Include="includes\SDL\close_code.h">
      <Filter>Header Files</Filter>
    </ClInclude>
    <ClInclude Include="includes\SDL\SDL.h">
      <Filter>Header Files</Filter>
    </ClInclude>
    <ClInclude Include="includes\SDL\SDL_assert.h">
      <Filter>Header Files</Filter>
    </ClInclude>
    <ClInclude Include="includes\SDL\SDL_atomic.h">
      <Filter>Header Files</Filter>
    </ClInclude>
    <ClInclude Include="includes\SDL\SDL_audio.h">
      <Filter>Header Files</Filter>
    </ClInclude>
    <ClInclude Include="includes\SDL\SDL_bits.h">
      <Filter>Header Files</Filter>
    </ClInclude>
    <ClInclude Include="includes\SDL\SDL_blendmode.h">
      <Filter>Header Files</Filter>
    </ClInclude>
    <ClInclude Include="includes\SDL\SDL_clipboard.h">
      <Filter>Header Files</Filter>
    </ClInclude>
    <ClInclude Include="includes\SDL\SDL_config.h">
      <Filter>Header Files</Filter>
    </ClInclude>
    <ClInclude Include="includes\SDL\SDL_cpuinfo.h">
      <Filter>Header Files</Filter>
    </ClInclude>
    <ClInclude Include="includes\SDL\SDL_egl.h">
      <Filter>Header Files</Filter>
    </ClInclude>
    <ClInclude Include="includes\SDL\SDL_endian.h">
      <Filter>Header Files</Filter>
    </ClInclude>
    <ClInclude Include="includes\SDL\SDL_error.h">
      <Filter>Header Files</Filter>
    </ClInclude>
    <ClInclude Include="includes\SDL\SDL_events.h">
      <Filter>Header Files</Filter>
    </ClInclude>
    <ClInclude Include="includes\SDL\SDL_filesystem.h">
      <Filter>Header Files</Filter>
    </ClInclude>
    <ClInclude Include="includes\SDL\SDL_gamecontroller.h">
      <Filter>Header Files</Filter>
    </ClInclude>
    <ClInclude Include="includes\SDL\SDL_gesture.h">
      <Filter>Header Files</Filter>
    </ClInclude>
    <ClInclude Include="includes\SDL\SDL_haptic.h">
      <Filter>Header Files</Filter>
    </ClInclude>
    <ClInclude Include="includes\SDL\SDL_hints.h">
      <Filter>Header Files</Filter>
    </ClInclude>
    <ClInclude Include="includes\SDL\SDL_joystick.h">
      <Filter>Header Files</Filter>
    </ClInclude>
    <ClInclude Include="includes\SDL\SDL_keyboard.h">
      <Filter>Header Files</Filter>
    </ClInclude>
    <ClInclude Include="includes\SDL\SDL_keycode.h">
      <Filter>Header Files</Filter>
    </ClInclude>
    <ClInclude Include="includes\SDL\SDL_loadso.h">
      <Filter>Header Files</Filter>
    </ClInclude>
    <ClInclude Include="includes\SDL\SDL_log.h">
      <Filter>Header Files</Filter>
    </ClInclude>
    <ClInclude Include="includes\SDL\SDL_main.h">
      <Filter>Header Files</Filter>
    </ClInclude>
    <ClInclude Include="includes\SDL\SDL_messagebox.h">
      <Filter>Header Files</Filter>
    </ClInclude>
    <ClInclude Include="includes\SDL\SDL_mouse.h">
      <Filter>Header Files</Filter>
    </ClInclude>
    <ClInclude Include="includes\SDL\SDL_mutex.h">
      <Filter>Header Files</Filter>
    </ClInclude>
    <ClInclude Include="includes\SDL\SDL_name.h">
      <Filter>Header Files</Filter>
    </ClInclude>
    <ClInclude Include="includes\SDL\SDL_opengl.h">
      <Filter>Header Files</Filter>
    </ClInclude>
    <ClInclude Include="includes\SDL\SDL_opengl_glext.h">
      <Filter>Header Files</Filter>
    </ClInclude>
    <ClInclude Include="includes\SDL\SDL_opengles.h">
      <Filter>Header Files</Filter>
    </ClInclude>
    <ClInclude Include="includes\SDL\SDL_opengles2.h">
      <Filter>Header Files</Filter>
    </ClInclude>
    <ClInclude Include="includes\SDL\SDL_opengles2_gl2.h">
      <Filter>Header Files</Filter>
    </ClInclude>
    <ClInclude Include="includes\SDL\SDL_opengles2_gl2ext.h">
      <Filter>Header Files</Filter>
    </ClInclude>
    <ClInclude Include="includes\SDL\SDL_opengles2_gl2platform.h">
      <Filter>Header Files</Filter>
    </ClInclude>
    <ClInclude Include="includes\SDL\SDL_opengles2_khrplatform.h">
      <Filter>Header Files</Filter>
    </ClInclude>
    <ClInclude Include="includes\SDL\SDL_pixels.h">
      <Filter>Header Files</Filter>
    </ClInclude>
    <ClInclude Include="includes\SDL\SDL_platform.h">
      <Filter>Header Files</Filter>
    </ClInclude>
    <ClInclude Include="includes\SDL\SDL_power.h">
      <Filter>Header Files</Filter>
    </ClInclude>
    <ClInclude Include="includes\SDL\SDL_quit.h">
      <Filter>Header Files</Filter>
    </ClInclude>
    <ClInclude Include="includes\SDL\SDL_rect.h">
      <Filter>Header Files</Filter>
    </ClInclude>
    <ClInclude Include="includes\SDL\SDL_render.h">
      <Filter>Header Files</Filter>
    </ClInclude>
    <ClInclude Include="includes\SDL\SDL_revision.h">
      <Filter>Header Files</Filter>
    </ClInclude>
    <ClInclude Include="includes\SDL\SDL_rwops.h">
      <Filter>Header Files</Filter>
    </ClInclude>
    <ClInclude Include="includes\SDL\SDL_scancode.h">
      <Filter>Header Files</Filter>
    </ClInclude>
    <ClInclude Include="includes\SDL\SDL_shape.h">
      <Filter>Header Files</Filter>
    </ClInclude>
    <ClInclude Include="includes\SDL\SDL_stdinc.h">
      <Filter>Header Files</Filter>
    </ClInclude>
    <ClInclude Include="includes\SDL\SDL_surface.h">
      <Filter>Header Files</Filter>
    </ClInclude>
    <ClInclude Include="includes\SDL\SDL_system.h">
      <Filter>Header Files</Filter>
    </ClInclude>
    <ClInclude Include="includes\SDL\SDL_syswm.h">
      <Filter>Header Files</Filter>
    </ClInclude>
    <ClInclude Include="includes\SDL\SDL_test.h">
      <Filter>Header Files</Filter>
    </ClInclude>
    <ClInclude Include="includes\SDL\SDL_test_assert.h">
      <Filter>Header Files</Filter>
    </ClInclude>
    <ClInclude Include="includes\SDL\SDL_test_common.h">
      <Filter>Header Files</Filter>
    </ClInclude>
    <ClInclude Include="includes\SDL\SDL_test_compare.h">
      <Filter>Header Files</Filter>
    </ClInclude>
    <ClInclude Include="includes\SDL\SDL_test_crc32.h">
      <Filter>Header Files</Filter>
    </ClInclude>
    <ClInclude Include="includes\SDL\SDL_test_font.h">
      <Filter>Header Files</Filter>
    </ClInclude>
    <ClInclude Include="includes\SDL\SDL_test_fuzzer.h">
      <Filter>Header Files</Filter>
    </ClInclude>
    <ClInclude Include="includes\SDL\SDL_test_harness.h">
      <Filter>Header Files</Filter>
    </ClInclude>
    <ClInclude Include="includes\SDL\SDL_test_images.h">
      <Filter>Header Files</Filter>
    </ClInclude>
    <ClInclude Include="includes\SDL\SDL_test_log.h">
      <Filter>Header Files</Filter>
    </ClInclude>
    <ClInclude Include="includes\SDL\SDL_test_md5.h">
      <Filter>Header Files</Filter>
    </ClInclude>
    <ClInclude Include="includes\SDL\SDL_test_random.h">
      <Filter>Header Files</Filter>
    </ClInclude>
    <ClInclude Include="includes\SDL\SDL_thread.h">
      <Filter>Header Files</Filter>
    </ClInclude>
    <ClInclude Include="includes\SDL\SDL_timer.h">
      <Filter>Header Files</Filter>
    </ClInclude>
    <ClInclude Include="includes\SDL\SDL_touch.h">
      <Filter>Header Files</Filter>
    </ClInclude>
    <ClInclude Include="includes\SDL\SDL_types.h">
      <Filter>Header Files</Filter>
    </ClInclude>
    <ClInclude Include="includes\SDL\SDL_version.h">
      <Filter>Header Files</Filter>
    </ClInclude>
    <ClInclude Include="includes\SDL\SDL_video.h">
      <Filter>Header Files</Filter>
    </ClInclude>
    <ClInclude Include="includes\lodepng.h">
      <Filter>Header Files</Filter>
    </ClInclude>
    <ClInclude Include="includes\Box2D\Common\b2GrowableArray.h">
      <Filter>Header Files</Filter>
    </ClInclude>
    <ClInclude Include="includes\Box2D\Common\b2Threading.h">
      <Filter>Header Files</Filter>
    </ClInclude>
    <ClInclude Include="includes\Odin\EntityId.hpp">
      <Filter>Header Files</Filter>
    </ClInclude>
    <ClInclude Include="includes\Odin\GraphicalComponent.hpp">
      <Filter>Header Files</Filter>
    </ClInclude>
    <ClInclude Include="includes\Odin\InputManager.hpp">
      <Filter>Header Files</Filter>
    </ClInclude>
    <ClInclude Include="includes\Odin\PhysicalComponent.hpp">
      <Filter>Header Files</Filter>
    </ClInclude>
    <ClInclude Include="includes\Odin\glhelp.h">
      <Filter>Header Files</Filter>
    </ClInclude>
    <ClInclude Include="includes\Odin\Util.h">
      <Filter>Header Files</Filter>
    </ClInclude>
    <ClInclude Include="includes\Odin\Math.hpp">
      <Filter>Header Files</Filter>
    </ClInclude>
    <ClInclude Include="includes\Odin\template_helper.hpp">
      <Filter>Header Files</Filter>
    </ClInclude>
    <ClInclude Include="includes\Odin\BinarySearchMap.hpp">
      <Filter>Header Files</Filter>
    </ClInclude>
    <ClInclude Include="includes\Odin\TextureManager.hpp">
      <Filter>Header Files</Filter>
    </ClInclude>
    <ClInclude Include="includes\Odin\Odin.h">
      <Filter>Header Files</Filter>
    </ClInclude>
  </ItemGroup>
  <ItemGroup>
    <None Include="includes\glm\detail\func_common.inl">
      <Filter>Header Files</Filter>
    </None>
    <None Include="includes\glm\detail\func_exponential.inl">
      <Filter>Header Files</Filter>
    </None>
    <None Include="includes\glm\detail\func_geometric.inl">
      <Filter>Header Files</Filter>
    </None>
    <None Include="includes\glm\detail\func_integer.inl">
      <Filter>Header Files</Filter>
    </None>
    <None Include="includes\glm\detail\func_matrix.inl">
      <Filter>Header Files</Filter>
    </None>
    <None Include="includes\glm\detail\func_packing.inl">
      <Filter>Header Files</Filter>
    </None>
    <None Include="includes\glm\detail\func_trigonometric.inl">
      <Filter>Header Files</Filter>
    </None>
    <None Include="includes\glm\detail\func_vector_relational.inl">
      <Filter>Header Files</Filter>
    </None>
    <None Include="includes\glm\detail\intrinsic_common.inl">
      <Filter>Header Files</Filter>
    </None>
    <None Include="includes\glm\detail\intrinsic_exponential.inl">
      <Filter>Header Files</Filter>
    </None>
    <None Include="includes\glm\detail\intrinsic_geometric.inl">
      <Filter>Header Files</Filter>
    </None>
    <None Include="includes\glm\detail\intrinsic_integer.inl">
      <Filter>Header Files</Filter>
    </None>
    <None Include="includes\glm\detail\intrinsic_matrix.inl">
      <Filter>Header Files</Filter>
    </None>
    <None Include="includes\glm\detail\intrinsic_trigonometric.inl">
      <Filter>Header Files</Filter>
    </None>
    <None Include="includes\glm\detail\intrinsic_vector_relational.inl">
      <Filter>Header Files</Filter>
    </None>
    <None Include="includes\glm\detail\type_gentype.inl">
      <Filter>Header Files</Filter>
    </None>
    <None Include="includes\glm\detail\type_half.inl">
      <Filter>Header Files</Filter>
    </None>
    <None Include="includes\glm\detail\type_mat.inl">
      <Filter>Header Files</Filter>
    </None>
    <None Include="includes\glm\detail\type_mat2x2.inl">
      <Filter>Header Files</Filter>
    </None>
    <None Include="includes\glm\detail\type_mat2x3.inl">
      <Filter>Header Files</Filter>
    </None>
    <None Include="includes\glm\detail\type_mat2x4.inl">
      <Filter>Header Files</Filter>
    </None>
    <None Include="includes\glm\detail\type_mat3x2.inl">
      <Filter>Header Files</Filter>
    </None>
    <None Include="includes\glm\detail\type_mat3x3.inl">
      <Filter>Header Files</Filter>
    </None>
    <None Include="includes\glm\detail\type_mat3x4.inl">
      <Filter>Header Files</Filter>
    </None>
    <None Include="includes\glm\detail\type_mat4x2.inl">
      <Filter>Header Files</Filter>
    </None>
    <None Include="includes\glm\detail\type_mat4x3.inl">
      <Filter>Header Files</Filter>
    </None>
    <None Include="includes\glm\detail\type_mat4x4.inl">
      <Filter>Header Files</Filter>
    </None>
    <None Include="includes\glm\detail\type_vec.inl">
      <Filter>Header Files</Filter>
    </None>
    <None Include="includes\glm\detail\type_vec1.inl">
      <Filter>Header Files</Filter>
    </None>
    <None Include="includes\glm\detail\type_vec2.inl">
      <Filter>Header Files</Filter>
    </None>
    <None Include="includes\glm\detail\type_vec3.inl">
      <Filter>Header Files</Filter>
    </None>
    <None Include="includes\glm\detail\type_vec4.inl">
      <Filter>Header Files</Filter>
    </None>
    <None Include="includes\glm\detail\type_vec4_avx.inl">
      <Filter>Header Files</Filter>
    </None>
    <None Include="includes\glm\detail\type_vec4_avx2.inl">
      <Filter>Header Files</Filter>
    </None>
    <None Include="includes\glm\detail\type_vec4_sse2.inl">
      <Filter>Header Files</Filter>
    </None>
    <None Include="includes\glm\gtc\bitfield.inl">
      <Filter>Header Files</Filter>
    </None>
    <None Include="includes\glm\gtc\color_space.inl">
      <Filter>Header Files</Filter>
    </None>
    <None Include="includes\glm\gtc\constants.inl">
      <Filter>Header Files</Filter>
    </None>
    <None Include="includes\glm\gtc\epsilon.inl">
      <Filter>Header Files</Filter>
    </None>
    <None Include="includes\glm\gtc\integer.inl">
      <Filter>Header Files</Filter>
    </None>
    <None Include="includes\glm\gtc\matrix_access.inl">
      <Filter>Header Files</Filter>
    </None>
    <None Include="includes\glm\gtc\matrix_inverse.inl">
      <Filter>Header Files</Filter>
    </None>
    <None Include="includes\glm\gtc\matrix_transform.inl">
      <Filter>Header Files</Filter>
    </None>
    <None Include="includes\glm\gtc\noise.inl">
      <Filter>Header Files</Filter>
    </None>
    <None Include="includes\glm\gtc\packing.inl">
      <Filter>Header Files</Filter>
    </None>
    <None Include="includes\glm\gtc\quaternion.inl">
      <Filter>Header Files</Filter>
    </None>
    <None Include="includes\glm\gtc\random.inl">
      <Filter>Header Files</Filter>
    </None>
    <None Include="includes\glm\gtc\reciprocal.inl">
      <Filter>Header Files</Filter>
    </None>
    <None Include="includes\glm\gtc\round.inl">
      <Filter>Header Files</Filter>
    </None>
    <None Include="includes\glm\gtc\type_precision.inl">
      <Filter>Header Files</Filter>
    </None>
    <None Include="includes\glm\gtc\type_ptr.inl">
      <Filter>Header Files</Filter>
    </None>
    <None Include="includes\glm\gtc\ulp.inl">
      <Filter>Header Files</Filter>
    </None>
    <None Include="includes\glm\gtc\vec1.inl">
      <Filter>Header Files</Filter>
    </None>
    <None Include="includes\glm\gtx\associated_min_max.inl">
      <Filter>Header Files</Filter>
    </None>
    <None Include="includes\glm\gtx\bit.inl">
      <Filter>Header Files</Filter>
    </None>
    <None Include="includes\glm\gtx\closest_point.inl">
      <Filter>Header Files</Filter>
    </None>
    <None Include="includes\glm\gtx\color_space.inl">
      <Filter>Header Files</Filter>
    </None>
    <None Include="includes\glm\gtx\color_space_YCoCg.inl">
      <Filter>Header Files</Filter>
    </None>
    <None Include="includes\glm\gtx\common.inl">
      <Filter>Header Files</Filter>
    </None>
    <None Include="includes\glm\gtx\compatibility.inl">
      <Filter>Header Files</Filter>
    </None>
    <None Include="includes\glm\gtx\component_wise.inl">
      <Filter>Header Files</Filter>
    </None>
    <None Include="includes\glm\gtx\dual_quaternion.inl">
      <Filter>Header Files</Filter>
    </None>
    <None Include="includes\glm\gtx\euler_angles.inl">
      <Filter>Header Files</Filter>
    </None>
    <None Include="includes\glm\gtx\extend.inl">
      <Filter>Header Files</Filter>
    </None>
    <None Include="includes\glm\gtx\extented_min_max.inl">
      <Filter>Header Files</Filter>
    </None>
    <None Include="includes\glm\gtx\fast_exponential.inl">
      <Filter>Header Files</Filter>
    </None>
    <None Include="includes\glm\gtx\fast_square_root.inl">
      <Filter>Header Files</Filter>
    </None>
    <None Include="includes\glm\gtx\fast_trigonometry.inl">
      <Filter>Header Files</Filter>
    </None>
    <None Include="includes\glm\gtx\gradient_paint.inl">
      <Filter>Header Files</Filter>
    </None>
    <None Include="includes\glm\gtx\handed_coordinate_space.inl">
      <Filter>Header Files</Filter>
    </None>
    <None Include="includes\glm\gtx\hash.inl">
      <Filter>Header Files</Filter>
    </None>
    <None Include="includes\glm\gtx\integer.inl">
      <Filter>Header Files</Filter>
    </None>
    <None Include="includes\glm\gtx\intersect.inl">
      <Filter>Header Files</Filter>
    </None>
    <None Include="includes\glm\gtx\io.inl">
      <Filter>Header Files</Filter>
    </None>
    <None Include="includes\glm\gtx\log_base.inl">
      <Filter>Header Files</Filter>
    </None>
    <None Include="includes\glm\gtx\matrix_cross_product.inl">
      <Filter>Header Files</Filter>
    </None>
    <None Include="includes\glm\gtx\matrix_decompose.inl">
      <Filter>Header Files</Filter>
    </None>
    <None Include="includes\glm\gtx\matrix_interpolation.inl">
      <Filter>Header Files</Filter>
    </None>
    <None Include="includes\glm\gtx\matrix_major_storage.inl">
      <Filter>Header Files</Filter>
    </None>
    <None Include="includes\glm\gtx\matrix_operation.inl">
      <Filter>Header Files</Filter>
    </None>
    <None Include="includes\glm\gtx\matrix_query.inl">
      <Filter>Header Files</Filter>
    </None>
    <None Include="includes\glm\gtx\matrix_transform_2d.inl">
      <Filter>Header Files</Filter>
    </None>
    <None Include="includes\glm\gtx\mixed_product.inl">
      <Filter>Header Files</Filter>
    </None>
    <None Include="includes\glm\gtx\norm.inl">
      <Filter>Header Files</Filter>
    </None>
    <None Include="includes\glm\gtx\normal.inl">
      <Filter>Header Files</Filter>
    </None>
    <None Include="includes\glm\gtx\normalize_dot.inl">
      <Filter>Header Files</Filter>
    </None>
    <None Include="includes\glm\gtx\number_precision.inl">
      <Filter>Header Files</Filter>
    </None>
    <None Include="includes\glm\gtx\optimum_pow.inl">
      <Filter>Header Files</Filter>
    </None>
    <None Include="includes\glm\gtx\orthonormalize.inl">
      <Filter>Header Files</Filter>
    </None>
    <None Include="includes\glm\gtx\perpendicular.inl">
      <Filter>Header Files</Filter>
    </None>
    <None Include="includes\glm\gtx\polar_coordinates.inl">
      <Filter>Header Files</Filter>
    </None>
    <None Include="includes\glm\gtx\projection.inl">
      <Filter>Header Files</Filter>
    </None>
    <None Include="includes\glm\gtx\quaternion.inl">
      <Filter>Header Files</Filter>
    </None>
    <None Include="includes\glm\gtx\raw_data.inl">
      <Filter>Header Files</Filter>
    </None>
    <None Include="includes\glm\gtx\rotate_normalized_axis.inl">
      <Filter>Header Files</Filter>
    </None>
    <None Include="includes\glm\gtx\rotate_vector.inl">
      <Filter>Header Files</Filter>
    </None>
    <None Include="includes\glm\gtx\scalar_relational.inl">
      <Filter>Header Files</Filter>
    </None>
    <None Include="includes\glm\gtx\simd_mat4.inl">
      <Filter>Header Files</Filter>
    </None>
    <None Include="includes\glm\gtx\simd_quat.inl">
      <Filter>Header Files</Filter>
    </None>
    <None Include="includes\glm\gtx\simd_vec4.inl">
      <Filter>Header Files</Filter>
    </None>
    <None Include="includes\glm\gtx\spline.inl">
      <Filter>Header Files</Filter>
    </None>
    <None Include="includes\glm\gtx\std_based_type.inl">
      <Filter>Header Files</Filter>
    </None>
    <None Include="includes\glm\gtx\string_cast.inl">
      <Filter>Header Files</Filter>
    </None>
    <None Include="includes\glm\gtx\transform.inl">
      <Filter>Header Files</Filter>
    </None>
    <None Include="includes\glm\gtx\transform2.inl">
      <Filter>Header Files</Filter>
    </None>
    <None Include="includes\glm\gtx\type_aligned.inl">
      <Filter>Header Files</Filter>
    </None>
    <None Include="includes\glm\gtx\vector_angle.inl">
      <Filter>Header Files</Filter>
    </None>
    <None Include="includes\glm\gtx\vector_query.inl">
      <Filter>Header Files</Filter>
    </None>
    <None Include="includes\glm\gtx\wrap.inl">
      <Filter>Header Files</Filter>
    </None>
  </ItemGroup>
</Project>